
Microsoft Visual Studio Solution File, Format Version 12.00
# Visual Studio Version 16
VisualStudioVersion = 16.0.31911.196
MinimumVisualStudioVersion = 10.0.40219.1
Project("{FAE04EC0-301F-11D3-BF4B-00C04F79EFBC}") = "LibraryManagement", "LibraryManagement\LibraryManagement.csproj", "{0D095133-696A-4A13-80C0-9AAC6A767E52}"
EndProject
Global
	GlobalSection(SolutionConfigurationPlatforms) = preSolution
		Debug|Any CPU = Debug|Any CPU
		Release|Any CPU = Release|Any CPU
	EndGlobalSection
	GlobalSection(ProjectConfigurationPlatforms) = postSolution
		{0D095133-696A-4A13-80C0-9AAC6A767E52}.Debug|Any CPU.ActiveCfg = Debug|Any CPU
		{0D095133-696A-4A13-80C0-9AAC6A767E52}.Debug|Any CPU.Build.0 = Debug|Any CPU
		{0D095133-696A-4A13-80C0-9AAC6A767E52}.Release|Any CPU.ActiveCfg = Release|Any CPU
		{0D095133-696A-4A13-80C0-9AAC6A767E52}.Release|Any CPU.Build.0 = Release|Any CPU
	EndGlobalSection
	GlobalSection(SolutionProperties) = preSolution
		HideSolutionNode = FALSE
	EndGlobalSection
	GlobalSection(ExtensibilityGlobals) = postSolution
		SolutionGuid = {C621CD99-A23F-4103-B786-A07B8B2F1C63}
	EndGlobalSection
EndGlobal
